
Microsoft Visual Studio Solution File, Format Version 11.00
# Visual Studio 2010
Project("{FAE04EC0-301F-11D3-BF4B-00C04F79EFBC}") = "RomanNumberConversion.Testes", "RomanNumberConversion.Testes\RomanNumberConversion.Testes.csproj", "{8BE36980-8AF5-43FF-AEED-8000AB9FB4CA}"
EndProject
Project("{2150E333-8FDC-42A3-9474-1A3956D46DE8}") = "Solution Items", "Solution Items", "{0636B06F-F3C5-4941-89D8-F6E0045217F6}"
	ProjectSection(SolutionItems) = preProject
		Local.testsettings = Local.testsettings
		RomanNumberConversion.vsmdi = RomanNumberConversion.vsmdi
		TraceAndTestImpact.testsettings = TraceAndTestImpact.testsettings
	EndProjectSection
EndProject
Project("{FAE04EC0-301F-11D3-BF4B-00C04F79EFBC}") = "RomanNumberConversionFramework", "RomanNumberConversionFramework\RomanNumberConversionFramework.csproj", "{3625E6B5-A430-484D-BCA8-AAB6B697D179}"
EndProject
Global
	GlobalSection(TestCaseManagementSettings) = postSolution
		CategoryFile = RomanNumberConversion.vsmdi
	EndGlobalSection
	GlobalSection(SolutionConfigurationPlatforms) = preSolution
		Debug|Any CPU = Debug|Any CPU
		Release|Any CPU = Release|Any CPU
	EndGlobalSection
	GlobalSection(ProjectConfigurationPlatforms) = postSolution
		{8BE36980-8AF5-43FF-AEED-8000AB9FB4CA}.Debug|Any CPU.ActiveCfg = Debug|Any CPU
		{8BE36980-8AF5-43FF-AEED-8000AB9FB4CA}.Debug|Any CPU.Build.0 = Debug|Any CPU
		{8BE36980-8AF5-43FF-AEED-8000AB9FB4CA}.Release|Any CPU.ActiveCfg = Release|Any CPU
		{8BE36980-8AF5-43FF-AEED-8000AB9FB4CA}.Release|Any CPU.Build.0 = Release|Any CPU
		{3625E6B5-A430-484D-BCA8-AAB6B697D179}.Debug|Any CPU.ActiveCfg = Debug|Any CPU
		{3625E6B5-A430-484D-BCA8-AAB6B697D179}.Debug|Any CPU.Build.0 = Debug|Any CPU
		{3625E6B5-A430-484D-BCA8-AAB6B697D179}.Release|Any CPU.ActiveCfg = Release|Any CPU
		{3625E6B5-A430-484D-BCA8-AAB6B697D179}.Release|Any CPU.Build.0 = Release|Any CPU
	EndGlobalSection
	GlobalSection(SolutionProperties) = preSolution
		HideSolutionNode = FALSE
	EndGlobalSection
EndGlobal
